
Microsoft Visual Studio Solution File, Format Version 12.00
# Visual Studio 15
VisualStudioVersion = 15.0.28307.106
MinimumVisualStudioVersion = 10.0.40219.1
Project("{FAE04EC0-301F-11D3-BF4B-00C04F79EFBC}") = "AWSWebFederation", "AWSWebFederation\AWSWebFederation.csproj", "{B3F62DB0-101E-44B7-B371-A6A924858280}"
EndProject
Global
	GlobalSection(SolutionConfigurationPlatforms) = preSolution
		Debug|Any CPU = Debug|Any CPU
		Release|Any CPU = Release|Any CPU
	EndGlobalSection
	GlobalSection(ProjectConfigurationPlatforms) = postSolution
		{B3F62DB0-101E-44B7-B371-A6A924858280}.Debug|Any CPU.ActiveCfg = Debug|Any CPU
		{B3F62DB0-101E-44B7-B371-A6A924858280}.Debug|Any CPU.Build.0 = Debug|Any CPU
		{B3F62DB0-101E-44B7-B371-A6A924858280}.Release|Any CPU.ActiveCfg = Release|Any CPU
		{B3F62DB0-101E-44B7-B371-A6A924858280}.Release|Any CPU.Build.0 = Release|Any CPU
	EndGlobalSection
	GlobalSection(SolutionProperties) = preSolution
		HideSolutionNode = FALSE
	EndGlobalSection
	GlobalSection(ExtensibilityGlobals) = postSolution
		SolutionGuid = {7627BCF8-F605-466F-81B8-E888D20A2A01}
	EndGlobalSection
EndGlobal
